
Microsoft Visual Studio Solution File, Format Version 12.00
# Visual Studio Version 17
VisualStudioVersion = 17.10.35013.160
MinimumVisualStudioVersion = 10.0.40219.1
Project("{FAE04EC0-301F-11D3-BF4B-00C04F79EFBC}") = "quiz", "quiz\quiz.csproj", "{FED8B901-FE70-4FD5-993A-8A93634DDAB2}"
EndProject
Global
	GlobalSection(SolutionConfigurationPlatforms) = preSolution
		Debug|Any CPU = Debug|Any CPU
		Release|Any CPU = Release|Any CPU
	EndGlobalSection
	GlobalSection(ProjectConfigurationPlatforms) = postSolution
		{FED8B901-FE70-4FD5-993A-8A93634DDAB2}.Debug|Any CPU.ActiveCfg = Debug|Any CPU
		{FED8B901-FE70-4FD5-993A-8A93634DDAB2}.Debug|Any CPU.Build.0 = Debug|Any CPU
		{FED8B901-FE70-4FD5-993A-8A93634DDAB2}.Release|Any CPU.ActiveCfg = Release|Any CPU
		{FED8B901-FE70-4FD5-993A-8A93634DDAB2}.Release|Any CPU.Build.0 = Release|Any CPU
	EndGlobalSection
	GlobalSection(SolutionProperties) = preSolution
		HideSolutionNode = FALSE
	EndGlobalSection
	GlobalSection(ExtensibilityGlobals) = postSolution
		SolutionGuid = {64FD0327-748F-4E19-B6E5-FFD35E90C262}
	EndGlobalSection
EndGlobal
