
Microsoft Visual Studio Solution File, Format Version 12.00
# Visual Studio Version 17
VisualStudioVersion = 17.10.35013.160
MinimumVisualStudioVersion = 10.0.40219.1
Project("{FAE04EC0-301F-11D3-BF4B-00C04F79EFBC}") = "OOP_tasks 2-7-2024", "OOP_tasks 2-72-2024\OOP_tasks 2-7-2024.csproj", "{E0D62F09-32C1-4078-B270-9C6CC80F52C4}"
EndProject
Global
	GlobalSection(SolutionConfigurationPlatforms) = preSolution
		Debug|Any CPU = Debug|Any CPU
		Release|Any CPU = Release|Any CPU
	EndGlobalSection
	GlobalSection(ProjectConfigurationPlatforms) = postSolution
		{E0D62F09-32C1-4078-B270-9C6CC80F52C4}.Debug|Any CPU.ActiveCfg = Debug|Any CPU
		{E0D62F09-32C1-4078-B270-9C6CC80F52C4}.Debug|Any CPU.Build.0 = Debug|Any CPU
		{E0D62F09-32C1-4078-B270-9C6CC80F52C4}.Release|Any CPU.ActiveCfg = Release|Any CPU
		{E0D62F09-32C1-4078-B270-9C6CC80F52C4}.Release|Any CPU.Build.0 = Release|Any CPU
	EndGlobalSection
	GlobalSection(SolutionProperties) = preSolution
		HideSolutionNode = FALSE
	EndGlobalSection
	GlobalSection(ExtensibilityGlobals) = postSolution
		SolutionGuid = {E7484B60-65E0-4AA4-8008-05A5D969FE50}
	EndGlobalSection
EndGlobal
